
Microsoft Visual Studio Solution File, Format Version 12.00
# Visual Studio Version 17
VisualStudioVersion = 17.5.33424.131
MinimumVisualStudioVersion = 10.0.40219.1
Project("{FAE04EC0-301F-11D3-BF4B-00C04F79EFBC}") = "ControleEquipamentos", "ControleEquipamentos\ControleEquipamentos.csproj", "{040ACC38-9CC5-4701-B8AA-F5AC5C4521E6}"
EndProject
Global
	GlobalSection(SolutionConfigurationPlatforms) = preSolution
		Debug|Any CPU = Debug|Any CPU
		Release|Any CPU = Release|Any CPU
	EndGlobalSection
	GlobalSection(ProjectConfigurationPlatforms) = postSolution
		{040ACC38-9CC5-4701-B8AA-F5AC5C4521E6}.Debug|Any CPU.ActiveCfg = Debug|Any CPU
		{040ACC38-9CC5-4701-B8AA-F5AC5C4521E6}.Debug|Any CPU.Build.0 = Debug|Any CPU
		{040ACC38-9CC5-4701-B8AA-F5AC5C4521E6}.Release|Any CPU.ActiveCfg = Release|Any CPU
		{040ACC38-9CC5-4701-B8AA-F5AC5C4521E6}.Release|Any CPU.Build.0 = Release|Any CPU
	EndGlobalSection
	GlobalSection(SolutionProperties) = preSolution
		HideSolutionNode = FALSE
	EndGlobalSection
	GlobalSection(ExtensibilityGlobals) = postSolution
		SolutionGuid = {304C697D-0917-47BA-B481-8E40BD9883BB}
	EndGlobalSection
EndGlobal
